// !$*UTF8*$!
{
	archiveVersion = 1;
	classes = {
	};
	objectVersion = 56;
	objects = {

/* Begin PBXBuildFile section */
		C72DBD792DAA0A3300306152 /* MemoAttributes.swift in Sources */ = {isa = PBXBuildFile; fileRef = C72DBD782DAA0A3300306152 /* MemoAttributes.swift */; };
		C72DBD7B2DAA0A4800306152 /* LiveActivityManager.swift in Sources */ = {isa = PBXBuildFile; fileRef = C72DBD7A2DAA0A4800306152 /* LiveActivityManager.swift */; };
		C72DBD832DAA0A9B00306152 /* WidgetKit.framework in Frameworks */ = {isa = PBXBuildFile; fileRef = C72DBD822DAA0A9A00306152 /* WidgetKit.framework */; };
		C72DBD852DAA0A9B00306152 /* SwiftUI.framework in Frameworks */ = {isa = PBXBuildFile; fileRef = C72DBD842DAA0A9B00306152 /* SwiftUI.framework */; };
		C72DBD882DAA0A9B00306152 /* MemoWidgetExtensionBundle.swift in Sources */ = {isa = PBXBuildFile; fileRef = C72DBD872DAA0A9B00306152 /* MemoWidgetExtensionBundle.swift */; };
		C72DBD8A2DAA0A9B00306152 /* MemoWidgetExtensionLiveActivity.swift in Sources */ = {isa = PBXBuildFile; fileRef = C72DBD892DAA0A9B00306152 /* MemoWidgetExtensionLiveActivity.swift */; };
		C72DBD8C2DAA0A9B00306152 /* MemoWidgetExtension.swift in Sources */ = {isa = PBXBuildFile; fileRef = C72DBD8B2DAA0A9B00306152 /* MemoWidgetExtension.swift */; };
		C72DBD8E2DAA0A9B00306152 /* AppIntent.swift in Sources */ = {isa = PBXBuildFile; fileRef = C72DBD8D2DAA0A9B00306152 /* AppIntent.swift */; };
		C72DBD902DAA0A9C00306152 /* Assets.xcassets in Resources */ = {isa = PBXBuildFile; fileRef = C72DBD8F2DAA0A9C00306152 /* Assets.xcassets */; };
		C72DBD942DAA0A9C00306152 /* MemoWidgetExtensionExtension.appex in Embed Foundation Extensions */ = {isa = PBXBuildFile; fileRef = C72DBD802DAA0A9A00306152 /* MemoWidgetExtensionExtension.appex */; settings = {ATTRIBUTES = (RemoveHeadersOnCopy, ); }; };
		C72DBD9B2DAA0C1500306152 /* MemoAttributes.swift in Sources */ = {isa = PBXBuildFile; fileRef = C72DBD782DAA0A3300306152 /* MemoAttributes.swift */; };
		C7AE346F2DAA0514004E4693 /* NoteStorage.swift in Sources */ = {isa = PBXBuildFile; fileRef = C7AE346E2DAA0514004E4693 /* NoteStorage.swift */; };
		C7AE34712DAA0540004E4693 /* MarkdownEditorView.swift in Sources */ = {isa = PBXBuildFile; fileRef = C7AE34702DAA0540004E4693 /* MarkdownEditorView.swift */; };
		C7AE34752DAA056E004E4693 /* ContentView.swift in Sources */ = {isa = PBXBuildFile; fileRef = C7AE34742DAA056E004E4693 /* ContentView.swift */; };
		C7D6D8372DAA00040083F79C /* quick_memoApp.swift in Sources */ = {isa = PBXBuildFile; fileRef = C7D6D8362DAA00040083F79C /* quick_memoApp.swift */; };
		C7D6D83D2DAA00050083F79C /* Assets.xcassets in Resources */ = {isa = PBXBuildFile; fileRef = C7D6D83C2DAA00050083F79C /* Assets.xcassets */; };
		C7D6D8402DAA00050083F79C /* Preview Assets.xcassets in Resources */ = {isa = PBXBuildFile; fileRef = C7D6D83F2DAA00050083F79C /* Preview Assets.xcassets */; };
/* End PBXBuildFile section */

/* Begin PBXContainerItemProxy section */
		C72DBD922DAA0A9C00306152 /* PBXContainerItemProxy */ = {
			isa = PBXContainerItemProxy;
			containerPortal = C7D6D82B2DAA00040083F79C /* Project object */;
			proxyType = 1;
			remoteGlobalIDString = C72DBD7F2DAA0A9A00306152;
			remoteInfo = MemoWidgetExtensionExtension;
		};
/* End PBXContainerItemProxy section */

/* Begin PBXCopyFilesBuildPhase section */
		C72DBD982DAA0A9C00306152 /* Embed Foundation Extensions */ = {
			isa = PBXCopyFilesBuildPhase;
			buildActionMask = 2147483647;
			dstPath = "";
			dstSubfolderSpec = 13;
			files = (
				C72DBD942DAA0A9C00306152 /* MemoWidgetExtensionExtension.appex in Embed Foundation Extensions */,
			);
			name = "Embed Foundation Extensions";
			runOnlyForDeploymentPostprocessing = 0;
		};
/* End PBXCopyFilesBuildPhase section */

/* Begin PBXFileReference section */
		C72DBD772DAA099B00306152 /* Info.plist */ = {isa = PBXFileReference; lastKnownFileType = text.plist; path = Info.plist; sourceTree = "<group>"; };
		C72DBD782DAA0A3300306152 /* MemoAttributes.swift */ = {isa = PBXFileReference; lastKnownFileType = sourcecode.swift; path = MemoAttributes.swift; sourceTree = "<group>"; };
		C72DBD7A2DAA0A4800306152 /* LiveActivityManager.swift */ = {isa = PBXFileReference; lastKnownFileType = sourcecode.swift; path = LiveActivityManager.swift; sourceTree = "<group>"; };
		C72DBD802DAA0A9A00306152 /* MemoWidgetExtensionExtension.appex */ = {isa = PBXFileReference; explicitFileType = "wrapper.app-extension"; includeInIndex = 0; path = MemoWidgetExtensionExtension.appex; sourceTree = BUILT_PRODUCTS_DIR; };
		C72DBD822DAA0A9A00306152 /* WidgetKit.framework */ = {isa = PBXFileReference; lastKnownFileType = wrapper.framework; name = WidgetKit.framework; path = System/Library/Frameworks/WidgetKit.framework; sourceTree = SDKROOT; };
		C72DBD842DAA0A9B00306152 /* SwiftUI.framework */ = {isa = PBXFileReference; lastKnownFileType = wrapper.framework; name = SwiftUI.framework; path = System/Library/Frameworks/SwiftUI.framework; sourceTree = SDKROOT; };
		C72DBD872DAA0A9B00306152 /* MemoWidgetExtensionBundle.swift */ = {isa = PBXFileReference; lastKnownFileType = sourcecode.swift; path = MemoWidgetExtensionBundle.swift; sourceTree = "<group>"; };
		C72DBD892DAA0A9B00306152 /* MemoWidgetExtensionLiveActivity.swift */ = {isa = PBXFileReference; lastKnownFileType = sourcecode.swift; path = MemoWidgetExtensionLiveActivity.swift; sourceTree = "<group>"; };
		C72DBD8B2DAA0A9B00306152 /* MemoWidgetExtension.swift */ = {isa = PBXFileReference; lastKnownFileType = sourcecode.swift; path = MemoWidgetExtension.swift; sourceTree = "<group>"; };
		C72DBD8D2DAA0A9B00306152 /* AppIntent.swift */ = {isa = PBXFileReference; lastKnownFileType = sourcecode.swift; path = AppIntent.swift; sourceTree = "<group>"; };
		C72DBD8F2DAA0A9C00306152 /* Assets.xcassets */ = {isa = PBXFileReference; lastKnownFileType = folder.assetcatalog; path = Assets.xcassets; sourceTree = "<group>"; };
		C72DBD912DAA0A9C00306152 /* Info.plist */ = {isa = PBXFileReference; lastKnownFileType = text.plist.xml; path = Info.plist; sourceTree = "<group>"; };
		C72DBD992DAA0B9500306152 /* quick-memo.entitlements */ = {isa = PBXFileReference; lastKnownFileType = text.plist.entitlements; path = "quick-memo.entitlements"; sourceTree = "<group>"; };
		C72DBD9A2DAA0BB300306152 /* MemoWidgetExtensionExtension.entitlements */ = {isa = PBXFileReference; lastKnownFileType = text.plist.entitlements; path = MemoWidgetExtensionExtension.entitlements; sourceTree = "<group>"; };
		C7AE346E2DAA0514004E4693 /* NoteStorage.swift */ = {isa = PBXFileReference; lastKnownFileType = sourcecode.swift; path = NoteStorage.swift; sourceTree = "<group>"; };
		C7AE34702DAA0540004E4693 /* MarkdownEditorView.swift */ = {isa = PBXFileReference; lastKnownFileType = sourcecode.swift; path = MarkdownEditorView.swift; sourceTree = "<group>"; };
		C7AE34742DAA056E004E4693 /* ContentView.swift */ = {isa = PBXFileReference; lastKnownFileType = sourcecode.swift; path = ContentView.swift; sourceTree = "<group>"; };
		C7D6D8332DAA00040083F79C /* BrainCache.app */ = {isa = PBXFileReference; explicitFileType = wrapper.application; includeInIndex = 0; path = BrainCache.app; sourceTree = BUILT_PRODUCTS_DIR; };
		C7D6D8362DAA00040083F79C /* quick_memoApp.swift */ = {isa = PBXFileReference; lastKnownFileType = sourcecode.swift; path = quick_memoApp.swift; sourceTree = "<group>"; };
		C7D6D83C2DAA00050083F79C /* Assets.xcassets */ = {isa = PBXFileReference; lastKnownFileType = folder.assetcatalog; path = Assets.xcassets; sourceTree = "<group>"; };
		C7D6D83F2DAA00050083F79C /* Preview Assets.xcassets */ = {isa = PBXFileReference; lastKnownFileType = folder.assetcatalog; path = "Preview Assets.xcassets"; sourceTree = "<group>"; };
/* End PBXFileReference section */

/* Begin PBXFrameworksBuildPhase section */
		C72DBD7D2DAA0A9A00306152 /* Frameworks */ = {
			isa = PBXFrameworksBuildPhase;
			buildActionMask = 2147483647;
			files = (
				C72DBD852DAA0A9B00306152 /* SwiftUI.framework in Frameworks */,
				C72DBD832DAA0A9B00306152 /* WidgetKit.framework in Frameworks */,
			);
			runOnlyForDeploymentPostprocessing = 0;
		};
		C7D6D8302DAA00040083F79C /* Frameworks */ = {
			isa = PBXFrameworksBuildPhase;
			buildActionMask = 2147483647;
			files = (
			);
			runOnlyForDeploymentPostprocessing = 0;
		};
/* End PBXFrameworksBuildPhase section */

/* Begin PBXGroup section */
		C72DBD812DAA0A9A00306152 /* Frameworks */ = {
			isa = PBXGroup;
			children = (
				C72DBD822DAA0A9A00306152 /* WidgetKit.framework */,
				C72DBD842DAA0A9B00306152 /* SwiftUI.framework */,
			);
			name = Frameworks;
			sourceTree = "<group>";
		};
		C72DBD862DAA0A9B00306152 /* MemoWidgetExtension */ = {
			isa = PBXGroup;
			children = (
				C72DBD872DAA0A9B00306152 /* MemoWidgetExtensionBundle.swift */,
				C72DBD892DAA0A9B00306152 /* MemoWidgetExtensionLiveActivity.swift */,
				C72DBD8B2DAA0A9B00306152 /* MemoWidgetExtension.swift */,
				C72DBD8D2DAA0A9B00306152 /* AppIntent.swift */,
				C72DBD8F2DAA0A9C00306152 /* Assets.xcassets */,
				C72DBD912DAA0A9C00306152 /* Info.plist */,
			);
			path = MemoWidgetExtension;
			sourceTree = "<group>";
		};
		C7D6D82A2DAA00040083F79C = {
			isa = PBXGroup;
			children = (
				C72DBD9A2DAA0BB300306152 /* MemoWidgetExtensionExtension.entitlements */,
				C7D6D8352DAA00040083F79C /* BrainCache */,
				C72DBD862DAA0A9B00306152 /* MemoWidgetExtension */,
				C72DBD812DAA0A9A00306152 /* Frameworks */,
				C7D6D8342DAA00040083F79C /* Products */,
			);
			sourceTree = "<group>";
		};
		C7D6D8342DAA00040083F79C /* Products */ = {
			isa = PBXGroup;
			children = (
				C7D6D8332DAA00040083F79C /* BrainCache.app */,
				C72DBD802DAA0A9A00306152 /* MemoWidgetExtensionExtension.appex */,
			);
			name = Products;
			sourceTree = "<group>";
		};
		C7D6D8352DAA00040083F79C /* BrainCache */ = {
			isa = PBXGroup;
			children = (
				C72DBD992DAA0B9500306152 /* quick-memo.entitlements */,
				C72DBD772DAA099B00306152 /* Info.plist */,
				C7D6D8362DAA00040083F79C /* quick_memoApp.swift */,
				C7AE34742DAA056E004E4693 /* ContentView.swift */,
				C7D6D83C2DAA00050083F79C /* Assets.xcassets */,
				C7D6D83E2DAA00050083F79C /* Preview Content */,
				C7AE346E2DAA0514004E4693 /* NoteStorage.swift */,
				C7AE34702DAA0540004E4693 /* MarkdownEditorView.swift */,
				C72DBD782DAA0A3300306152 /* MemoAttributes.swift */,
				C72DBD7A2DAA0A4800306152 /* LiveActivityManager.swift */,
			);
			path = BrainCache;
			sourceTree = "<group>";
		};
		C7D6D83E2DAA00050083F79C /* Preview Content */ = {
			isa = PBXGroup;
			children = (
				C7D6D83F2DAA00050083F79C /* Preview Assets.xcassets */,
			);
			path = "Preview Content";
			sourceTree = "<group>";
		};
/* End PBXGroup section */

/* Begin PBXNativeTarget section */
		C72DBD7F2DAA0A9A00306152 /* MemoWidgetExtensionExtension */ = {
			isa = PBXNativeTarget;
			buildConfigurationList = C72DBD952DAA0A9C00306152 /* Build configuration list for PBXNativeTarget "MemoWidgetExtensionExtension" */;
			buildPhases = (
				C72DBD7C2DAA0A9A00306152 /* Sources */,
				C72DBD7D2DAA0A9A00306152 /* Frameworks */,
				C72DBD7E2DAA0A9A00306152 /* Resources */,
			);
			buildRules = (
			);
			dependencies = (
			);
			name = MemoWidgetExtensionExtension;
			productName = MemoWidgetExtensionExtension;
			productReference = C72DBD802DAA0A9A00306152 /* MemoWidgetExtensionExtension.appex */;
			productType = "com.apple.product-type.app-extension";
		};
		C7D6D8322DAA00040083F79C /* BrainCache */ = {
			isa = PBXNativeTarget;
			buildConfigurationList = C7D6D8592DAA00050083F79C /* Build configuration list for PBXNativeTarget "BrainCache" */;
			buildPhases = (
				C7D6D82F2DAA00040083F79C /* Sources */,
				C7D6D8302DAA00040083F79C /* Frameworks */,
				C7D6D8312DAA00040083F79C /* Resources */,
				C72DBD982DAA0A9C00306152 /* Embed Foundation Extensions */,
			);
			buildRules = (
			);
			dependencies = (
				C72DBD932DAA0A9C00306152 /* PBXTargetDependency */,
			);
			name = BrainCache;
			productName = "quick-memo";
			productReference = C7D6D8332DAA00040083F79C /* BrainCache.app */;
			productType = "com.apple.product-type.application";
		};
/* End PBXNativeTarget section */

/* Begin PBXProject section */
		C7D6D82B2DAA00040083F79C /* Project object */ = {
			isa = PBXProject;
			attributes = {
				BuildIndependentTargetsInParallel = 1;
				LastSwiftUpdateCheck = 1540;
				LastUpgradeCheck = 1540;
				TargetAttributes = {
					C72DBD7F2DAA0A9A00306152 = {
						CreatedOnToolsVersion = 15.4;
					};
					C7D6D8322DAA00040083F79C = {
						CreatedOnToolsVersion = 15.4;
					};
				};
			};
			buildConfigurationList = C7D6D82E2DAA00040083F79C /* Build configuration list for PBXProject "quick-memo" */;
			compatibilityVersion = "Xcode 14.0";
			developmentRegion = en;
			hasScannedForEncodings = 0;
			knownRegions = (
				en,
				Base,
			);
			mainGroup = C7D6D82A2DAA00040083F79C;
			productRefGroup = C7D6D8342DAA00040083F79C /* Products */;
			projectDirPath = "";
			projectRoot = "";
			targets = (
				C7D6D8322DAA00040083F79C /* BrainCache */,
				C72DBD7F2DAA0A9A00306152 /* MemoWidgetExtensionExtension */,
			);
		};
/* End PBXProject section */

/* Begin PBXResourcesBuildPhase section */
		C72DBD7E2DAA0A9A00306152 /* Resources */ = {
			isa = PBXResourcesBuildPhase;
			buildActionMask = 2147483647;
			files = (
				C72DBD902DAA0A9C00306152 /* Assets.xcassets in Resources */,
			);
			runOnlyForDeploymentPostprocessing = 0;
		};
		C7D6D8312DAA00040083F79C /* Resources */ = {
			isa = PBXResourcesBuildPhase;
			buildActionMask = 2147483647;
			files = (
				C7D6D8402DAA00050083F79C /* Preview Assets.xcassets in Resources */,
				C7D6D83D2DAA00050083F79C /* Assets.xcassets in Resources */,
			);
			runOnlyForDeploymentPostprocessing = 0;
		};
/* End PBXResourcesBuildPhase section */

/* Begin PBXSourcesBuildPhase section */
		C72DBD7C2DAA0A9A00306152 /* Sources */ = {
			isa = PBXSourcesBuildPhase;
			buildActionMask = 2147483647;
			files = (
				C72DBD8A2DAA0A9B00306152 /* MemoWidgetExtensionLiveActivity.swift in Sources */,
				C72DBD8E2DAA0A9B00306152 /* AppIntent.swift in Sources */,
				C72DBD9B2DAA0C1500306152 /* MemoAttributes.swift in Sources */,
				C72DBD8C2DAA0A9B00306152 /* MemoWidgetExtension.swift in Sources */,
				C72DBD882DAA0A9B00306152 /* MemoWidgetExtensionBundle.swift in Sources */,
			);
			runOnlyForDeploymentPostprocessing = 0;
		};
		C7D6D82F2DAA00040083F79C /* Sources */ = {
			isa = PBXSourcesBuildPhase;
			buildActionMask = 2147483647;
			files = (
				C7D6D8372DAA00040083F79C /* quick_memoApp.swift in Sources */,
				C7AE34752DAA056E004E4693 /* ContentView.swift in Sources */,
				C72DBD792DAA0A3300306152 /* MemoAttributes.swift in Sources */,
				C7AE346F2DAA0514004E4693 /* NoteStorage.swift in Sources */,
				C72DBD7B2DAA0A4800306152 /* LiveActivityManager.swift in Sources */,
				C7AE34712DAA0540004E4693 /* MarkdownEditorView.swift in Sources */,
			);
			runOnlyForDeploymentPostprocessing = 0;
		};
/* End PBXSourcesBuildPhase section */

/* Begin PBXTargetDependency section */
		C72DBD932DAA0A9C00306152 /* PBXTargetDependency */ = {
			isa = PBXTargetDependency;
			target = C72DBD7F2DAA0A9A00306152 /* MemoWidgetExtensionExtension */;
			targetProxy = C72DBD922DAA0A9C00306152 /* PBXContainerItemProxy */;
		};
/* End PBXTargetDependency section */

/* Begin XCBuildConfiguration section */
		C72DBD962DAA0A9C00306152 /* Debug */ = {
			isa = XCBuildConfiguration;
			buildSettings = {
				ASSETCATALOG_COMPILER_GLOBAL_ACCENT_COLOR_NAME = AccentColor;
				ASSETCATALOG_COMPILER_WIDGET_BACKGROUND_COLOR_NAME = WidgetBackground;
				CODE_SIGN_ENTITLEMENTS = MemoWidgetExtensionExtension.entitlements;
				CODE_SIGN_STYLE = Automatic;
				CURRENT_PROJECT_VERSION = 1;
				DEVELOPMENT_TEAM = M5GYC7DY7Q;
				GENERATE_INFOPLIST_FILE = YES;
				INFOPLIST_FILE = MemoWidgetExtension/Info.plist;
				INFOPLIST_KEY_CFBundleDisplayName = MemoWidgetExtension;
				INFOPLIST_KEY_NSHumanReadableCopyright = "";
				LD_RUNPATH_SEARCH_PATHS = (
					"$(inherited)",
					"@executable_path/Frameworks",
					"@executable_path/../../Frameworks",
				);
				MARKETING_VERSION = 1.0;
				PRODUCT_BUNDLE_IDENTIFIER = "nappa-labo.quick-memo.MemoWidgetExtension";
				PRODUCT_NAME = "$(TARGET_NAME)";
				SKIP_INSTALL = YES;
				SWIFT_EMIT_LOC_STRINGS = YES;
				SWIFT_VERSION = 5.0;
				TARGETED_DEVICE_FAMILY = "1,2";
			};
			name = Debug;
		};
		C72DBD972DAA0A9C00306152 /* Release */ = {
			isa = XCBuildConfiguration;
			buildSettings = {
				ASSETCATALOG_COMPILER_GLOBAL_ACCENT_COLOR_NAME = AccentColor;
				ASSETCATALOG_COMPILER_WIDGET_BACKGROUND_COLOR_NAME = WidgetBackground;
				CODE_SIGN_ENTITLEMENTS = MemoWidgetExtensionExtension.entitlements;
				CODE_SIGN_STYLE = Automatic;
				CURRENT_PROJECT_VERSION = 1;
				DEVELOPMENT_TEAM = M5GYC7DY7Q;
				GENERATE_INFOPLIST_FILE = YES;
				INFOPLIST_FILE = MemoWidgetExtension/Info.plist;
				INFOPLIST_KEY_CFBundleDisplayName = MemoWidgetExtension;
				INFOPLIST_KEY_NSHumanReadableCopyright = "";
				LD_RUNPATH_SEARCH_PATHS = (
					"$(inherited)",
					"@executable_path/Frameworks",
					"@executable_path/../../Frameworks",
				);
				MARKETING_VERSION = 1.0;
				PRODUCT_BUNDLE_IDENTIFIER = "nappa-labo.quick-memo.MemoWidgetExtension";
				PRODUCT_NAME = "$(TARGET_NAME)";
				SKIP_INSTALL = YES;
				SWIFT_EMIT_LOC_STRINGS = YES;
				SWIFT_VERSION = 5.0;
				TARGETED_DEVICE_FAMILY = "1,2";
			};
			name = Release;
		};
		C7D6D8572DAA00050083F79C /* Debug */ = {
			isa = XCBuildConfiguration;
			buildSettings = {
				ALWAYS_SEARCH_USER_PATHS = NO;
				ASSETCATALOG_COMPILER_GENERATE_SWIFT_ASSET_SYMBOL_EXTENSIONS = YES;
				CLANG_ANALYZER_NONNULL = YES;
				CLANG_ANALYZER_NUMBER_OBJECT_CONVERSION = YES_AGGRESSIVE;
				CLANG_CXX_LANGUAGE_STANDARD = "gnu++20";
				CLANG_ENABLE_MODULES = YES;
				CLANG_ENABLE_OBJC_ARC = YES;
				CLANG_ENABLE_OBJC_WEAK = YES;
				CLANG_WARN_BLOCK_CAPTURE_AUTORELEASING = YES;
				CLANG_WARN_BOOL_CONVERSION = YES;
				CLANG_WARN_COMMA = YES;
				CLANG_WARN_CONSTANT_CONVERSION = YES;
				CLANG_WARN_DEPRECATED_OBJC_IMPLEMENTATIONS = YES;
				CLANG_WARN_DIRECT_OBJC_ISA_USAGE = YES_ERROR;
				CLANG_WARN_DOCUMENTATION_COMMENTS = YES;
				CLANG_WARN_EMPTY_BODY = YES;
				CLANG_WARN_ENUM_CONVERSION = YES;
				CLANG_WARN_INFINITE_RECURSION = YES;
				CLANG_WARN_INT_CONVERSION = YES;
				CLANG_WARN_NON_LITERAL_NULL_CONVERSION = YES;
				CLANG_WARN_OBJC_IMPLICIT_RETAIN_SELF = YES;
				CLANG_WARN_OBJC_LITERAL_CONVERSION = YES;
				CLANG_WARN_OBJC_ROOT_CLASS = YES_ERROR;
				CLANG_WARN_QUOTED_INCLUDE_IN_FRAMEWORK_HEADER = YES;
				CLANG_WARN_RANGE_LOOP_ANALYSIS = YES;
				CLANG_WARN_STRICT_PROTOTYPES = YES;
				CLANG_WARN_SUSPICIOUS_MOVE = YES;
				CLANG_WARN_UNGUARDED_AVAILABILITY = YES_AGGRESSIVE;
				CLANG_WARN_UNREACHABLE_CODE = YES;
				CLANG_WARN__DUPLICATE_METHOD_MATCH = YES;
				COPY_PHASE_STRIP = NO;
				DEBUG_INFORMATION_FORMAT = dwarf;
				ENABLE_STRICT_OBJC_MSGSEND = YES;
				ENABLE_TESTABILITY = YES;
				ENABLE_USER_SCRIPT_SANDBOXING = YES;
				GCC_C_LANGUAGE_STANDARD = gnu17;
				GCC_DYNAMIC_NO_PIC = NO;
				GCC_NO_COMMON_BLOCKS = YES;
				GCC_OPTIMIZATION_LEVEL = 0;
				GCC_PREPROCESSOR_DEFINITIONS = (
					"DEBUG=1",
					"$(inherited)",
				);
				GCC_WARN_64_TO_32_BIT_CONVERSION = YES;
				GCC_WARN_ABOUT_RETURN_TYPE = YES_ERROR;
				GCC_WARN_UNDECLARED_SELECTOR = YES;
				GCC_WARN_UNINITIALIZED_AUTOS = YES_AGGRESSIVE;
				GCC_WARN_UNUSED_FUNCTION = YES;
				GCC_WARN_UNUSED_VARIABLE = YES;
				IPHONEOS_DEPLOYMENT_TARGET = 17.5;
				LOCALIZATION_PREFERS_STRING_CATALOGS = YES;
				MTL_ENABLE_DEBUG_INFO = INCLUDE_SOURCE;
				MTL_FAST_MATH = YES;
				ONLY_ACTIVE_ARCH = YES;
				SDKROOT = iphoneos;
				SWIFT_ACTIVE_COMPILATION_CONDITIONS = "DEBUG $(inherited)";
				SWIFT_OPTIMIZATION_LEVEL = "-Onone";
			};
			name = Debug;
		};
		C7D6D8582DAA00050083F79C /* Release */ = {
			isa = XCBuildConfiguration;
			buildSettings = {
				ALWAYS_SEARCH_USER_PATHS = NO;
				ASSETCATALOG_COMPILER_GENERATE_SWIFT_ASSET_SYMBOL_EXTENSIONS = YES;
				CLANG_ANALYZER_NONNULL = YES;
				CLANG_ANALYZER_NUMBER_OBJECT_CONVERSION = YES_AGGRESSIVE;
				CLANG_CXX_LANGUAGE_STANDARD = "gnu++20";
				CLANG_ENABLE_MODULES = YES;
				CLANG_ENABLE_OBJC_ARC = YES;
				CLANG_ENABLE_OBJC_WEAK = YES;
				CLANG_WARN_BLOCK_CAPTURE_AUTORELEASING = YES;
				CLANG_WARN_BOOL_CONVERSION = YES;
				CLANG_WARN_COMMA = YES;
				CLANG_WARN_CONSTANT_CONVERSION = YES;
				CLANG_WARN_DEPRECATED_OBJC_IMPLEMENTATIONS = YES;
				CLANG_WARN_DIRECT_OBJC_ISA_USAGE = YES_ERROR;
				CLANG_WARN_DOCUMENTATION_COMMENTS = YES;
				CLANG_WARN_EMPTY_BODY = YES;
				CLANG_WARN_ENUM_CONVERSION = YES;
				CLANG_WARN_INFINITE_RECURSION = YES;
				CLANG_WARN_INT_CONVERSION = YES;
				CLANG_WARN_NON_LITERAL_NULL_CONVERSION = YES;
				CLANG_WARN_OBJC_IMPLICIT_RETAIN_SELF = YES;
				CLANG_WARN_OBJC_LITERAL_CONVERSION = YES;
				CLANG_WARN_OBJC_ROOT_CLASS = YES_ERROR;
				CLANG_WARN_QUOTED_INCLUDE_IN_FRAMEWORK_HEADER = YES;
				CLANG_WARN_RANGE_LOOP_ANALYSIS = YES;
				CLANG_WARN_STRICT_PROTOTYPES = YES;
				CLANG_WARN_SUSPICIOUS_MOVE = YES;
				CLANG_WARN_UNGUARDED_AVAILABILITY = YES_AGGRESSIVE;
				CLANG_WARN_UNREACHABLE_CODE = YES;
				CLANG_WARN__DUPLICATE_METHOD_MATCH = YES;
				COPY_PHASE_STRIP = NO;
				DEBUG_INFORMATION_FORMAT = "dwarf-with-dsym";
				ENABLE_NS_ASSERTIONS = NO;
				ENABLE_STRICT_OBJC_MSGSEND = YES;
				ENABLE_USER_SCRIPT_SANDBOXING = YES;
				GCC_C_LANGUAGE_STANDARD = gnu17;
				GCC_NO_COMMON_BLOCKS = YES;
				GCC_WARN_64_TO_32_BIT_CONVERSION = YES;
				GCC_WARN_ABOUT_RETURN_TYPE = YES_ERROR;
				GCC_WARN_UNDECLARED_SELECTOR = YES;
				GCC_WARN_UNINITIALIZED_AUTOS = YES_AGGRESSIVE;
				GCC_WARN_UNUSED_FUNCTION = YES;
				GCC_WARN_UNUSED_VARIABLE = YES;
				IPHONEOS_DEPLOYMENT_TARGET = 17.5;
				LOCALIZATION_PREFERS_STRING_CATALOGS = YES;
				MTL_ENABLE_DEBUG_INFO = NO;
				MTL_FAST_MATH = YES;
				SDKROOT = iphoneos;
				SWIFT_COMPILATION_MODE = wholemodule;
				VALIDATE_PRODUCT = YES;
			};
			name = Release;
		};
		C7D6D85A2DAA00050083F79C /* Debug */ = {
			isa = XCBuildConfiguration;
			buildSettings = {
				ALWAYS_EMBED_SWIFT_STANDARD_LIBRARIES = YES;
				ASSETCATALOG_COMPILER_APPICON_NAME = AppIcon;
				ASSETCATALOG_COMPILER_GLOBAL_ACCENT_COLOR_NAME = AccentColor;
				CODE_SIGN_ENTITLEMENTS = "quick-memo/quick-memo.entitlements";
				CODE_SIGN_STYLE = Automatic;
				CURRENT_PROJECT_VERSION = 1;
				DEVELOPMENT_ASSET_PATHS = "\"quick-memo/Preview Content\"";
				DEVELOPMENT_TEAM = M5GYC7DY7Q;
				ENABLE_PREVIEWS = YES;
				GENERATE_INFOPLIST_FILE = YES;
				INFOPLIST_FILE = "quick-memo/Info.plist";
				INFOPLIST_KEY_UIApplicationSceneManifest_Generation = YES;
				INFOPLIST_KEY_UIApplicationSupportsIndirectInputEvents = YES;
				INFOPLIST_KEY_UILaunchScreen_Generation = YES;
				INFOPLIST_KEY_UISupportedInterfaceOrientations_iPad = "UIInterfaceOrientationPortrait UIInterfaceOrientationPortraitUpsideDown UIInterfaceOrientationLandscapeLeft UIInterfaceOrientationLandscapeRight";
				INFOPLIST_KEY_UISupportedInterfaceOrientations_iPhone = "UIInterfaceOrientationPortrait UIInterfaceOrientationLandscapeLeft UIInterfaceOrientationLandscapeRight";
				LD_RUNPATH_SEARCH_PATHS = (
					"$(inherited)",
					"@executable_path/Frameworks",
				);
				MARKETING_VERSION = 1.0;
				PRODUCT_BUNDLE_IDENTIFIER = "nappa-labo.quick-memo";
				PRODUCT_NAME = "$(TARGET_NAME)";
				SWIFT_EMIT_LOC_STRINGS = YES;
				SWIFT_VERSION = 5.0;
				TARGETED_DEVICE_FAMILY = "1,2";
			};
			name = Debug;
		};
		C7D6D85B2DAA00050083F79C /* Release */ = {
			isa = XCBuildConfiguration;
			buildSettings = {
				ALWAYS_EMBED_SWIFT_STANDARD_LIBRARIES = YES;
				ASSETCATALOG_COMPILER_APPICON_NAME = AppIcon;
				ASSETCATALOG_COMPILER_GLOBAL_ACCENT_COLOR_NAME = AccentColor;
				CODE_SIGN_ENTITLEMENTS = "quick-memo/quick-memo.entitlements";
				CODE_SIGN_STYLE = Automatic;
				CURRENT_PROJECT_VERSION = 1;
				DEVELOPMENT_ASSET_PATHS = "\"quick-memo/Preview Content\"";
				DEVELOPMENT_TEAM = M5GYC7DY7Q;
				ENABLE_PREVIEWS = YES;
				GENERATE_INFOPLIST_FILE = YES;
				INFOPLIST_FILE = "quick-memo/Info.plist";
				INFOPLIST_KEY_UIApplicationSceneManifest_Generation = YES;
				INFOPLIST_KEY_UIApplicationSupportsIndirectInputEvents = YES;
				INFOPLIST_KEY_UILaunchScreen_Generation = YES;
				INFOPLIST_KEY_UISupportedInterfaceOrientations_iPad = "UIInterfaceOrientationPortrait UIInterfaceOrientationPortraitUpsideDown UIInterfaceOrientationLandscapeLeft UIInterfaceOrientationLandscapeRight";
				INFOPLIST_KEY_UISupportedInterfaceOrientations_iPhone = "UIInterfaceOrientationPortrait UIInterfaceOrientationLandscapeLeft UIInterfaceOrientationLandscapeRight";
				LD_RUNPATH_SEARCH_PATHS = (
					"$(inherited)",
					"@executable_path/Frameworks",
				);
				MARKETING_VERSION = 1.0;
				PRODUCT_BUNDLE_IDENTIFIER = "nappa-labo.quick-memo";
				PRODUCT_NAME = "$(TARGET_NAME)";
				SWIFT_EMIT_LOC_STRINGS = YES;
				SWIFT_VERSION = 5.0;
				TARGETED_DEVICE_FAMILY = "1,2";
			};
			name = Release;
		};
/* End XCBuildConfiguration section */

/* Begin XCConfigurationList section */
		C72DBD952DAA0A9C00306152 /* Build configuration list for PBXNativeTarget "MemoWidgetExtensionExtension" */ = {
			isa = XCConfigurationList;
			buildConfigurations = (
				C72DBD962DAA0A9C00306152 /* Debug */,
				C72DBD972DAA0A9C00306152 /* Release */,
			);
			defaultConfigurationIsVisible = 0;
			defaultConfigurationName = Release;
		};
		C7D6D82E2DAA00040083F79C /* Build configuration list for PBXProject "quick-memo" */ = {
			isa = XCConfigurationList;
			buildConfigurations = (
				C7D6D8572DAA00050083F79C /* Debug */,
				C7D6D8582DAA00050083F79C /* Release */,
			);
			defaultConfigurationIsVisible = 0;
			defaultConfigurationName = Release;
		};
		C7D6D8592DAA00050083F79C /* Build configuration list for PBXNativeTarget "BrainCache" */ = {
			isa = XCConfigurationList;
			buildConfigurations = (
				C7D6D85A2DAA00050083F79C /* Debug */,
				C7D6D85B2DAA00050083F79C /* Release */,
			);
			defaultConfigurationIsVisible = 0;
			defaultConfigurationName = Release;
		};
/* End XCConfigurationList section */
	};
	rootObject = C7D6D82B2DAA00040083F79C /* Project object */;
}
